
Microsoft Visual Studio Solution File, Format Version 12.00
# Visual Studio Version 17
VisualStudioVersion = 17.11.35312.102
MinimumVisualStudioVersion = 10.0.40219.1
Project("{9A19103F-16F7-4668-BE54-9A1E7A4F7556}") = "MC.Bootstrap", "MC.Bootstrap\MC.Bootstrap.csproj", "{21591B3E-3ACA-47BC-BE13-16B7506060EB}"
EndProject
Global
	GlobalSection(SolutionConfigurationPlatforms) = preSolution
		Debug|Any CPU = Debug|Any CPU
		Release|Any CPU = Release|Any CPU
	EndGlobalSection
	GlobalSection(ProjectConfigurationPlatforms) = postSolution
		{21591B3E-3ACA-47BC-BE13-16B7506060EB}.Debug|Any CPU.ActiveCfg = Debug|Any CPU
		{21591B3E-3ACA-47BC-BE13-16B7506060EB}.Debug|Any CPU.Build.0 = Debug|Any CPU
		{21591B3E-3ACA-47BC-BE13-16B7506060EB}.Release|Any CPU.ActiveCfg = Release|Any CPU
		{21591B3E-3ACA-47BC-BE13-16B7506060EB}.Release|Any CPU.Build.0 = Release|Any CPU
	EndGlobalSection
	GlobalSection(SolutionProperties) = preSolution
		HideSolutionNode = FALSE
	EndGlobalSection
	GlobalSection(ExtensibilityGlobals) = postSolution
		SolutionGuid = {3708F424-BC75-4BE8-8471-C7F94ABD44AA}
	EndGlobalSection
EndGlobal
